
Microsoft Visual Studio Solution File, Format Version 12.00
# Visual Studio Version 17
VisualStudioVersion = 17.0.31903.59
MinimumVisualStudioVersion = 10.0.40219.1
Project("{9A19103F-16F7-4668-BE54-9A1E7A4F7556}") = "SourceGen", "SourceGen\SourceGen.csproj", "{BA88942F-8A07-4663-8690-050858AEFAEB}"
EndProject
Project("{9A19103F-16F7-4668-BE54-9A1E7A4F7556}") = "SourceGenConsoleTest", "SourceGenConsoleTest\SourceGenConsoleTest.csproj", "{2CB9B320-28F9-46FB-A93E-1623DF7651E7}"
EndProject
Global
	GlobalSection(SolutionConfigurationPlatforms) = preSolution
		Debug|Any CPU = Debug|Any CPU
		Release|Any CPU = Release|Any CPU
	EndGlobalSection
	GlobalSection(ProjectConfigurationPlatforms) = postSolution
		{BA88942F-8A07-4663-8690-050858AEFAEB}.Debug|Any CPU.ActiveCfg = Debug|Any CPU
		{BA88942F-8A07-4663-8690-050858AEFAEB}.Debug|Any CPU.Build.0 = Debug|Any CPU
		{BA88942F-8A07-4663-8690-050858AEFAEB}.Release|Any CPU.ActiveCfg = Release|Any CPU
		{BA88942F-8A07-4663-8690-050858AEFAEB}.Release|Any CPU.Build.0 = Release|Any CPU
		{2CB9B320-28F9-46FB-A93E-1623DF7651E7}.Debug|Any CPU.ActiveCfg = Debug|Any CPU
		{2CB9B320-28F9-46FB-A93E-1623DF7651E7}.Debug|Any CPU.Build.0 = Debug|Any CPU
		{2CB9B320-28F9-46FB-A93E-1623DF7651E7}.Release|Any CPU.ActiveCfg = Release|Any CPU
		{2CB9B320-28F9-46FB-A93E-1623DF7651E7}.Release|Any CPU.Build.0 = Release|Any CPU
	EndGlobalSection
	GlobalSection(SolutionProperties) = preSolution
		HideSolutionNode = FALSE
	EndGlobalSection
	GlobalSection(ExtensibilityGlobals) = postSolution
		SolutionGuid = {F6D3BD7A-BF37-4D65-A84E-5FDC3FF0DF6D}
	EndGlobalSection
EndGlobal
